Microsoft Visual Studio Solution File, Format Version 8.00
Project("{8BC9CEB8-8B4A-11D0-8D11-00A0C91BC942}") = "Math", "Math.vcproj", "{0825E168-A8AD-4110-B35A-52B078C39C2A}"
	ProjectSection(ProjectDependencies) = postProject
	EndProjectSection
EndProject
Global
	GlobalSection(SolutionConfiguration) = preSolution
		Debug = Debug
		Release = Release
	EndGlobalSection
	GlobalSection(ProjectConfiguration) = postSolution
		{0825E168-A8AD-4110-B35A-52B078C39C2A}.Debug.ActiveCfg = Debug|Win32
		{0825E168-A8AD-4110-B35A-52B078C39C2A}.Debug.Build.0 = Debug|Win32
		{0825E168-A8AD-4110-B35A-52B078C39C2A}.Release.ActiveCfg = Release|Win32
		{0825E168-A8AD-4110-B35A-52B078C39C2A}.Release.Build.0 = Release|Win32
	EndGlobalSection
	GlobalSection(ExtensibilityGlobals) = postSolution
	EndGlobalSection
	GlobalSection(ExtensibilityAddIns) = postSolution
	EndGlobalSection
EndGlobal
